
Microsoft Visual Studio Solution File, Format Version 12.00
# Visual Studio Version 16
VisualStudioVersion = 16.0.30621.155
MinimumVisualStudioVersion = 10.0.40219.1
Project("{FAE04EC0-301F-11D3-BF4B-00C04F79EFBC}") = "WebApiContacts", "WebApiContacts\WebApiContacts.csproj", "{BDA7672C-624F-4313-AE42-8042F8029112}"
EndProject
Project("{FAE04EC0-301F-11D3-BF4B-00C04F79EFBC}") = "WebApi.Entity", "WebApi.Entitys\WebApi.Entity.csproj", "{AC86D8F6-E355-4620-A0C1-ACA4A900768D}"
EndProject
Project("{FAE04EC0-301F-11D3-BF4B-00C04F79EFBC}") = "WebApi.Data.Access.DAL", "WebApi.Data.Access\WebApi.Data.Access.DAL.csproj", "{27201120-AF13-4BC4-8E93-17AB57F7F1B4}"
EndProject
Project("{FAE04EC0-301F-11D3-BF4B-00C04F79EFBC}") = "WebApi.Business", "WebApi.Business\WebApi.Business.csproj", "{5F388218-E374-4062-B379-25386FC8727B}"
EndProject
Project("{FAE04EC0-301F-11D3-BF4B-00C04F79EFBC}") = "Criptografia", "Criptografia\Criptografia.csproj", "{A409F428-B4A2-4946-BB68-11C34D595743}"
EndProject
Global
	GlobalSection(SolutionConfigurationPlatforms) = preSolution
		Debug|Any CPU = Debug|Any CPU
		Release|Any CPU = Release|Any CPU
	EndGlobalSection
	GlobalSection(ProjectConfigurationPlatforms) = postSolution
		{BDA7672C-624F-4313-AE42-8042F8029112}.Debug|Any CPU.ActiveCfg = Debug|Any CPU
		{BDA7672C-624F-4313-AE42-8042F8029112}.Debug|Any CPU.Build.0 = Debug|Any CPU
		{BDA7672C-624F-4313-AE42-8042F8029112}.Release|Any CPU.ActiveCfg = Release|Any CPU
		{BDA7672C-624F-4313-AE42-8042F8029112}.Release|Any CPU.Build.0 = Release|Any CPU
		{AC86D8F6-E355-4620-A0C1-ACA4A900768D}.Debug|Any CPU.ActiveCfg = Debug|Any CPU
		{AC86D8F6-E355-4620-A0C1-ACA4A900768D}.Debug|Any CPU.Build.0 = Debug|Any CPU
		{AC86D8F6-E355-4620-A0C1-ACA4A900768D}.Release|Any CPU.ActiveCfg = Release|Any CPU
		{AC86D8F6-E355-4620-A0C1-ACA4A900768D}.Release|Any CPU.Build.0 = Release|Any CPU
		{27201120-AF13-4BC4-8E93-17AB57F7F1B4}.Debug|Any CPU.ActiveCfg = Debug|Any CPU
		{27201120-AF13-4BC4-8E93-17AB57F7F1B4}.Debug|Any CPU.Build.0 = Debug|Any CPU
		{27201120-AF13-4BC4-8E93-17AB57F7F1B4}.Release|Any CPU.ActiveCfg = Release|Any CPU
		{27201120-AF13-4BC4-8E93-17AB57F7F1B4}.Release|Any CPU.Build.0 = Release|Any CPU
		{5F388218-E374-4062-B379-25386FC8727B}.Debug|Any CPU.ActiveCfg = Debug|Any CPU
		{5F388218-E374-4062-B379-25386FC8727B}.Debug|Any CPU.Build.0 = Debug|Any CPU
		{5F388218-E374-4062-B379-25386FC8727B}.Release|Any CPU.ActiveCfg = Release|Any CPU
		{5F388218-E374-4062-B379-25386FC8727B}.Release|Any CPU.Build.0 = Release|Any CPU
		{A409F428-B4A2-4946-BB68-11C34D595743}.Debug|Any CPU.ActiveCfg = Debug|Any CPU
		{A409F428-B4A2-4946-BB68-11C34D595743}.Debug|Any CPU.Build.0 = Debug|Any CPU
		{A409F428-B4A2-4946-BB68-11C34D595743}.Release|Any CPU.ActiveCfg = Release|Any CPU
		{A409F428-B4A2-4946-BB68-11C34D595743}.Release|Any CPU.Build.0 = Release|Any CPU
	EndGlobalSection
	GlobalSection(SolutionProperties) = preSolution
		HideSolutionNode = FALSE
	EndGlobalSection
	GlobalSection(ExtensibilityGlobals) = postSolution
		SolutionGuid = {290A542E-871F-48A6-AB37-A2D3525EBBFD}
	EndGlobalSection
EndGlobal
